
Microsoft Visual Studio Solution File, Format Version 12.00
Project("{FAE04EC0-301F-11D3-BF4B-00C04F79EFBC}") = "GenericOutbox", "GenericOutbox\GenericOutbox.csproj", "{19148322-4525-446A-BC29-1DCFE47B0D02}"
EndProject
Project("{FAE04EC0-301F-11D3-BF4B-00C04F79EFBC}") = "GenericOutbox.SourceGenerator", "GenericOutbox.SourceGenerator\GenericOutbox.SourceGenerator.csproj", "{B88A9832-427A-4579-835A-857D32576CDC}"
EndProject
Project("{FAE04EC0-301F-11D3-BF4B-00C04F79EFBC}") = "Test", "Test\Test.csproj", "{CD00B0E8-BEF5-430C-91A0-1EA64DEF297E}"
EndProject
Project("{2150E333-8FDC-42A3-9474-1A3956D46DE8}") = "Tests", "Tests", "{0783F2A4-7FFE-4653-8C26-5A995B8FD3AD}"
EndProject
Project("{FAE04EC0-301F-11D3-BF4B-00C04F79EFBC}") = "PersonService", "Tests\PersonService\PersonService.csproj", "{BA592C11-9C03-4D72-A95A-7F6755895B55}"
EndProject
Project("{FAE04EC0-301F-11D3-BF4B-00C04F79EFBC}") = "SchoolService", "Tests\SchoolService\SchoolService.csproj", "{53F45A41-85B3-4D4C-AB90-EF8C4CD91BD7}"
EndProject
Project("{FAE04EC0-301F-11D3-BF4B-00C04F79EFBC}") = "TestServicesCommon", "Tests\TestServicesCommon\TestServicesCommon.csproj", "{4AFFEED3-1C40-4F59-A078-AF47B97A4D62}"
EndProject
Project("{FAE04EC0-301F-11D3-BF4B-00C04F79EFBC}") = "SchoolService.Client", "Tests\SchoolService.Client\SchoolService.Client.csproj", "{0263B194-E128-4A89-BB47-D4BD693C5FAD}"
EndProject
Project("{FAE04EC0-301F-11D3-BF4B-00C04F79EFBC}") = "PersonService.Client", "Tests\PersonService.Client\PersonService.Client.csproj", "{1C4723CE-7DCF-4489-A352-17B810EA0922}"
EndProject
Project("{FAE04EC0-301F-11D3-BF4B-00C04F79EFBC}") = "EndToEndTests", "Tests\EndToEndTests\EndToEndTests.csproj", "{E2514C42-EBB1-4DBE-B8C4-11F8D1A1570F}"
EndProject
Global
	GlobalSection(SolutionConfigurationPlatforms) = preSolution
		Debug|Any CPU = Debug|Any CPU
		Release|Any CPU = Release|Any CPU
	EndGlobalSection
	GlobalSection(ProjectConfigurationPlatforms) = postSolution
		{19148322-4525-446A-BC29-1DCFE47B0D02}.Debug|Any CPU.ActiveCfg = Debug|Any CPU
		{19148322-4525-446A-BC29-1DCFE47B0D02}.Debug|Any CPU.Build.0 = Debug|Any CPU
		{19148322-4525-446A-BC29-1DCFE47B0D02}.Release|Any CPU.ActiveCfg = Release|Any CPU
		{19148322-4525-446A-BC29-1DCFE47B0D02}.Release|Any CPU.Build.0 = Release|Any CPU
		{B88A9832-427A-4579-835A-857D32576CDC}.Debug|Any CPU.ActiveCfg = Debug|Any CPU
		{B88A9832-427A-4579-835A-857D32576CDC}.Debug|Any CPU.Build.0 = Debug|Any CPU
		{B88A9832-427A-4579-835A-857D32576CDC}.Release|Any CPU.ActiveCfg = Release|Any CPU
		{B88A9832-427A-4579-835A-857D32576CDC}.Release|Any CPU.Build.0 = Release|Any CPU
		{CD00B0E8-BEF5-430C-91A0-1EA64DEF297E}.Debug|Any CPU.ActiveCfg = Debug|Any CPU
		{CD00B0E8-BEF5-430C-91A0-1EA64DEF297E}.Debug|Any CPU.Build.0 = Debug|Any CPU
		{CD00B0E8-BEF5-430C-91A0-1EA64DEF297E}.Release|Any CPU.ActiveCfg = Release|Any CPU
		{CD00B0E8-BEF5-430C-91A0-1EA64DEF297E}.Release|Any CPU.Build.0 = Release|Any CPU
		{BA592C11-9C03-4D72-A95A-7F6755895B55}.Debug|Any CPU.ActiveCfg = Debug|Any CPU
		{BA592C11-9C03-4D72-A95A-7F6755895B55}.Debug|Any CPU.Build.0 = Debug|Any CPU
		{BA592C11-9C03-4D72-A95A-7F6755895B55}.Release|Any CPU.ActiveCfg = Release|Any CPU
		{BA592C11-9C03-4D72-A95A-7F6755895B55}.Release|Any CPU.Build.0 = Release|Any CPU
		{53F45A41-85B3-4D4C-AB90-EF8C4CD91BD7}.Debug|Any CPU.ActiveCfg = Debug|Any CPU
		{53F45A41-85B3-4D4C-AB90-EF8C4CD91BD7}.Debug|Any CPU.Build.0 = Debug|Any CPU
		{53F45A41-85B3-4D4C-AB90-EF8C4CD91BD7}.Release|Any CPU.ActiveCfg = Release|Any CPU
		{53F45A41-85B3-4D4C-AB90-EF8C4CD91BD7}.Release|Any CPU.Build.0 = Release|Any CPU
		{4AFFEED3-1C40-4F59-A078-AF47B97A4D62}.Debug|Any CPU.ActiveCfg = Debug|Any CPU
		{4AFFEED3-1C40-4F59-A078-AF47B97A4D62}.Debug|Any CPU.Build.0 = Debug|Any CPU
		{4AFFEED3-1C40-4F59-A078-AF47B97A4D62}.Release|Any CPU.ActiveCfg = Release|Any CPU
		{4AFFEED3-1C40-4F59-A078-AF47B97A4D62}.Release|Any CPU.Build.0 = Release|Any CPU
		{0263B194-E128-4A89-BB47-D4BD693C5FAD}.Debug|Any CPU.ActiveCfg = Debug|Any CPU
		{0263B194-E128-4A89-BB47-D4BD693C5FAD}.Debug|Any CPU.Build.0 = Debug|Any CPU
		{0263B194-E128-4A89-BB47-D4BD693C5FAD}.Release|Any CPU.ActiveCfg = Release|Any CPU
		{0263B194-E128-4A89-BB47-D4BD693C5FAD}.Release|Any CPU.Build.0 = Release|Any CPU
		{1C4723CE-7DCF-4489-A352-17B810EA0922}.Debug|Any CPU.ActiveCfg = Debug|Any CPU
		{1C4723CE-7DCF-4489-A352-17B810EA0922}.Debug|Any CPU.Build.0 = Debug|Any CPU
		{1C4723CE-7DCF-4489-A352-17B810EA0922}.Release|Any CPU.ActiveCfg = Release|Any CPU
		{1C4723CE-7DCF-4489-A352-17B810EA0922}.Release|Any CPU.Build.0 = Release|Any CPU
		{E2514C42-EBB1-4DBE-B8C4-11F8D1A1570F}.Debug|Any CPU.ActiveCfg = Debug|Any CPU
		{E2514C42-EBB1-4DBE-B8C4-11F8D1A1570F}.Debug|Any CPU.Build.0 = Debug|Any CPU
		{E2514C42-EBB1-4DBE-B8C4-11F8D1A1570F}.Release|Any CPU.ActiveCfg = Release|Any CPU
		{E2514C42-EBB1-4DBE-B8C4-11F8D1A1570F}.Release|Any CPU.Build.0 = Release|Any CPU
	EndGlobalSection
	GlobalSection(NestedProjects) = preSolution
		{BA592C11-9C03-4D72-A95A-7F6755895B55} = {0783F2A4-7FFE-4653-8C26-5A995B8FD3AD}
		{53F45A41-85B3-4D4C-AB90-EF8C4CD91BD7} = {0783F2A4-7FFE-4653-8C26-5A995B8FD3AD}
		{4AFFEED3-1C40-4F59-A078-AF47B97A4D62} = {0783F2A4-7FFE-4653-8C26-5A995B8FD3AD}
		{0263B194-E128-4A89-BB47-D4BD693C5FAD} = {0783F2A4-7FFE-4653-8C26-5A995B8FD3AD}
		{1C4723CE-7DCF-4489-A352-17B810EA0922} = {0783F2A4-7FFE-4653-8C26-5A995B8FD3AD}
		{E2514C42-EBB1-4DBE-B8C4-11F8D1A1570F} = {0783F2A4-7FFE-4653-8C26-5A995B8FD3AD}
	EndGlobalSection
EndGlobal
